
Microsoft Visual Studio Solution File, Format Version 12.00
# Visual Studio Version 16
VisualStudioVersion = 16.0.30523.141
MinimumVisualStudioVersion = 10.0.40219.1
Project("{FAE04EC0-301F-11D3-BF4B-00C04F79EFBC}") = "Interface_Polymorphism", "Interface_Polymorphism\Interface_Polymorphism.csproj", "{F54B20C4-AC51-49A9-B6A8-A707A7535CBE}"
EndProject
Global
	GlobalSection(SolutionConfigurationPlatforms) = preSolution
		Debug|Any CPU = Debug|Any CPU
		Release|Any CPU = Release|Any CPU
	EndGlobalSection
	GlobalSection(ProjectConfigurationPlatforms) = postSolution
		{F54B20C4-AC51-49A9-B6A8-A707A7535CBE}.Debug|Any CPU.ActiveCfg = Debug|Any CPU
		{F54B20C4-AC51-49A9-B6A8-A707A7535CBE}.Debug|Any CPU.Build.0 = Debug|Any CPU
		{F54B20C4-AC51-49A9-B6A8-A707A7535CBE}.Release|Any CPU.ActiveCfg = Release|Any CPU
		{F54B20C4-AC51-49A9-B6A8-A707A7535CBE}.Release|Any CPU.Build.0 = Release|Any CPU
	EndGlobalSection
	GlobalSection(SolutionProperties) = preSolution
		HideSolutionNode = FALSE
	EndGlobalSection
	GlobalSection(ExtensibilityGlobals) = postSolution
		SolutionGuid = {4F560720-FF2D-4EF3-B394-924AA1D0B934}
	EndGlobalSection
EndGlobal
